
Microsoft Visual Studio Solution File, Format Version 12.00
# Visual Studio Version 17
VisualStudioVersion = 17.0.32002.185
MinimumVisualStudioVersion = 10.0.40219.1
Project("{2150E333-8FDC-42A3-9474-1A3956D46DE8}") = "Services", "Services", "{DB66ECA4-D970-48EC-AA92-FBD12EC0BB40}"
EndProject
Project("{2150E333-8FDC-42A3-9474-1A3956D46DE8}") = "Catalog", "Catalog", "{04CD1D40-47F7-4C85-93A7-F43FD81C0153}"
EndProject
Project("{FAE04EC0-301F-11D3-BF4B-00C04F79EFBC}") = "Catalog.API", "Services\Catalog\Catalog.API\Catalog.API.csproj", "{0D50A3A1-34E8-44A5-BCED-D9FA1596EF3E}"
EndProject
Global
	GlobalSection(SolutionConfigurationPlatforms) = preSolution
		Debug|Any CPU = Debug|Any CPU
		Release|Any CPU = Release|Any CPU
	EndGlobalSection
	GlobalSection(ProjectConfigurationPlatforms) = postSolution
		{0D50A3A1-34E8-44A5-BCED-D9FA1596EF3E}.Debug|Any CPU.ActiveCfg = Debug|Any CPU
		{0D50A3A1-34E8-44A5-BCED-D9FA1596EF3E}.Debug|Any CPU.Build.0 = Debug|Any CPU
		{0D50A3A1-34E8-44A5-BCED-D9FA1596EF3E}.Release|Any CPU.ActiveCfg = Release|Any CPU
		{0D50A3A1-34E8-44A5-BCED-D9FA1596EF3E}.Release|Any CPU.Build.0 = Release|Any CPU
	EndGlobalSection
	GlobalSection(SolutionProperties) = preSolution
		HideSolutionNode = FALSE
	EndGlobalSection
	GlobalSection(NestedProjects) = preSolution
		{04CD1D40-47F7-4C85-93A7-F43FD81C0153} = {DB66ECA4-D970-48EC-AA92-FBD12EC0BB40}
		{0D50A3A1-34E8-44A5-BCED-D9FA1596EF3E} = {04CD1D40-47F7-4C85-93A7-F43FD81C0153}
	EndGlobalSection
	GlobalSection(ExtensibilityGlobals) = postSolution
		SolutionGuid = {92EE3A93-6FEA-4679-8CF4-7F4AD7CF120E}
	EndGlobalSection
EndGlobal
